<Solution>
  <Folder Name="/docs/">
    <File Path="LICENCE" />
    <File Path="README.MD" />
    <File Path="todo.md" />
  </Folder>
  <Folder Name="/src/">
    <Project Path="src/Runners/Runners.csproj" />
  </Folder>
  <Folder Name="/tests/">
    <Project Path="tests/Runners.Tests/Runners.Tests.csproj" />
  </Folder>
</Solution>
